PODS:
  - Capacitor (5.7.8):
    - CapacitorCordova
  - CapacitorCordova (5.7.8)
  - CapacitorSplashScreen (8.0.1):
    - Capacitor
  - PurchasesHybridCommon (18.15.1):
    - RevenueCat (= 5.78.0)
  - PurchasesHybridCommonUI (18.15.1):
    - PurchasesHybridCommon (= 18.15.1)
    - RevenueCatUI (= 5.78.0)
  - RevenueCat (5.78.0)
  - RevenuecatPurchasesCapacitor (13.2.0):
    - Capacitor
    - PurchasesHybridCommon (= 18.15.1)
  - RevenuecatPurchasesCapacitorUi (13.2.0):
    - Capacitor
    - PurchasesHybridCommonUI (= 18.15.1)
  - RevenueCatUI (5.78.0):
    - RevenueCat (= 5.78.0)

DEPENDENCIES:
  - "Capacitor (from `../../node_modules/@capacitor/ios`)"
  - "CapacitorCordova (from `../../node_modules/@capacitor/ios`)"
  - "CapacitorSplashScreen (from `../../node_modules/@capacitor/splash-screen`)"
  - "RevenuecatPurchasesCapacitor (from `../../node_modules/@revenuecat/purchases-capacitor`)"
  - "RevenuecatPurchasesCapacitorUi (from `../../node_modules/@revenuecat/purchases-capacitor-ui`)"

SPEC REPOS:
  trunk:
    - PurchasesHybridCommon
    - PurchasesHybridCommonUI
    - RevenueCat
    - RevenueCatUI

EXTERNAL SOURCES:
  Capacitor:
    :path: "../../node_modules/@capacitor/ios"
  CapacitorCordova:
    :path: "../../node_modules/@capacitor/ios"
  CapacitorSplashScreen:
    :path: "../../node_modules/@capacitor/splash-screen"
  RevenuecatPurchasesCapacitor:
    :path: "../../node_modules/@revenuecat/purchases-capacitor"
  RevenuecatPurchasesCapacitorUi:
    :path: "../../node_modules/@revenuecat/purchases-capacitor-ui"

SPEC CHECKSUMS:
  Capacitor: 9686e5711b48a1aa84671ede795d0175848abcba
  CapacitorCordova: 31ab98dca2ddcee051027a1afe7e8c85c82f7297
  CapacitorSplashScreen: 4b46c72298db552b3c57ce021ef028b6dc7f1fa7
  PurchasesHybridCommon: eed735a411c1aee8c05d62933fa7c4a40ede4009
  PurchasesHybridCommonUI: 4f0efc542177185a0d38080bbc42210d4ac15f4a
  RevenueCat: f3641992451c1426da8d8d1466cec3bbdb765962
  RevenuecatPurchasesCapacitor: 180e7d224124f97c23eaae9d590a90a510115f70
  RevenuecatPurchasesCapacitorUi: 1a974121358fa37f729d3bba030b22159dee5d71
  RevenueCatUI: 32998f100fe73f1d0172df7eef4f0dd1bc781a05

PODFILE CHECKSUM: 2e86f1381a79a0c46718c066e20fb6d2fb758792

COCOAPODS: 1.16.2
